// !$*UTF8*$!
{
	archiveVersion = 1;
	classes = {
	};
	objectVersion = 50;
	objects = {

/* Begin PBXBuildFile section */
		927678AD242F2ADC00CB2091 /* GameRow.swift in Sources */ = {isa = PBXBuildFile; fileRef = 927678AC242F2ADC00CB2091 /* GameRow.swift */; };
		927678B824330E8D00CB2091 /* GameList.swift in Sources */ = {isa = PBXBuildFile; fileRef = 927678B724330E8D00CB2091 /* GameList.swift */; };
		927CE1992447C30B0013F08A /* soccer1Tests.swift in Sources */ = {isa = PBXBuildFile; fileRef = 927CE1982447C30B0013F08A /* soccer1Tests.swift */; };
		928453F3243D982E00EEF40E /* ShowLog.swift in Sources */ = {isa = PBXBuildFile; fileRef = 928453F2243D982E00EEF40E /* ShowLog.swift */; };
		928BB91B24385F7F00BA4BCC /* AppModel.swift in Sources */ = {isa = PBXBuildFile; fileRef = 928BB91A24385F7F00BA4BCC /* AppModel.swift */; };
		92B2279E2435567300B91595 /* ShowStatsButtons.swift in Sources */ = {isa = PBXBuildFile; fileRef = 92B2279D2435567300B91595 /* ShowStatsButtons.swift */; };
		92E7FDA62442D775009F4977 /* GameNew.swift in Sources */ = {isa = PBXBuildFile; fileRef = 92E7FDA52442D775009F4977 /* GameNew.swift */; };
		92FEB315242C7BAD005E74F6 /* AppDelegate.swift in Sources */ = {isa = PBXBuildFile; fileRef = 92FEB314242C7BAD005E74F6 /* AppDelegate.swift */; };
		92FEB317242C7BAD005E74F6 /* SceneDelegate.swift in Sources */ = {isa = PBXBuildFile; fileRef = 92FEB316242C7BAD005E74F6 /* SceneDelegate.swift */; };
		92FEB319242C7BAD005E74F6 /* GameDetail.swift in Sources */ = {isa = PBXBuildFile; fileRef = 92FEB318242C7BAD005E74F6 /* GameDetail.swift */; };
		92FEB31B242C7BAF005E74F6 /* Assets.xcassets in Resources */ = {isa = PBXBuildFile; fileRef = 92FEB31A242C7BAF005E74F6 /* Assets.xcassets */; };
		92FEB31E242C7BAF005E74F6 /* Preview Assets.xcassets in Resources */ = {isa = PBXBuildFile; fileRef = 92FEB31D242C7BAF005E74F6 /* Preview Assets.xcassets */; };
		92FEB321242C7BAF005E74F6 /* LaunchScreen.storyboard in Resources */ = {isa = PBXBuildFile; fileRef = 92FEB31F242C7BAF005E74F6 /* LaunchScreen.storyboard */; };
		92FEB32B242C80D1005E74F6 /* GameModel.swift in Sources */ = {isa = PBXBuildFile; fileRef = 92FEB32A242C80D1005E74F6 /* GameModel.swift */; };
/* End PBXBuildFile section */

/* Begin PBXContainerItemProxy section */
		927CE19B2447C30B0013F08A /* PBXContainerItemProxy */ = {
			isa = PBXContainerItemProxy;
			containerPortal = 92FEB309242C7BAD005E74F6 /* Project object */;
			proxyType = 1;
			remoteGlobalIDString = 92FEB310242C7BAD005E74F6;
			remoteInfo = soccer1;
		};
/* End PBXContainerItemProxy section */

/* Begin PBXFileReference section */
		927678AC242F2ADC00CB2091 /* GameRow.swift */ = {isa = PBXFileReference; lastKnownFileType = sourcecode.swift; path = GameRow.swift; sourceTree = "<group>"; };
		927678B724330E8D00CB2091 /* GameList.swift */ = {isa = PBXFileReference; lastKnownFileType = sourcecode.swift; path = GameList.swift; sourceTree = "<group>"; };
		927CE1962447C30B0013F08A /* soccer1Tests.xctest */ = {isa = PBXFileReference; explicitFileType = wrapper.cfbundle; includeInIndex = 0; path = soccer1Tests.xctest; sourceTree = BUILT_PRODUCTS_DIR; };
		927CE1982447C30B0013F08A /* soccer1Tests.swift */ = {isa = PBXFileReference; lastKnownFileType = sourcecode.swift; path = soccer1Tests.swift; sourceTree = "<group>"; };
		927CE19A2447C30B0013F08A /* Info.plist */ = {isa = PBXFileReference; lastKnownFileType = text.plist.xml; path = Info.plist; sourceTree = "<group>"; };
		928453F2243D982E00EEF40E /* ShowLog.swift */ = {isa = PBXFileReference; lastKnownFileType = sourcecode.swift; path = ShowLog.swift; sourceTree = "<group>"; };
		928BB91A24385F7F00BA4BCC /* AppModel.swift */ = {isa = PBXFileReference; lastKnownFileType = sourcecode.swift; path = AppModel.swift; sourceTree = "<group>"; };
		92B2279D2435567300B91595 /* ShowStatsButtons.swift */ = {isa = PBXFileReference; lastKnownFileType = sourcecode.swift; path = ShowStatsButtons.swift; sourceTree = "<group>"; };
		92E7FDA52442D775009F4977 /* GameNew.swift */ = {isa = PBXFileReference; lastKnownFileType = sourcecode.swift; path = GameNew.swift; sourceTree = "<group>"; };
		92FEB311242C7BAD005E74F6 /* soccer1.app */ = {isa = PBXFileReference; explicitFileType = wrapper.application; includeInIndex = 0; path = soccer1.app; sourceTree = BUILT_PRODUCTS_DIR; };
		92FEB314242C7BAD005E74F6 /* AppDelegate.swift */ = {isa = PBXFileReference; lastKnownFileType = sourcecode.swift; path = AppDelegate.swift; sourceTree = "<group>"; };
		92FEB316242C7BAD005E74F6 /* SceneDelegate.swift */ = {isa = PBXFileReference; lastKnownFileType = sourcecode.swift; path = SceneDelegate.swift; sourceTree = "<group>"; };
		92FEB318242C7BAD005E74F6 /* GameDetail.swift */ = {isa = PBXFileReference; lastKnownFileType = sourcecode.swift; path = GameDetail.swift; sourceTree = "<group>"; };
		92FEB31A242C7BAF005E74F6 /* Assets.xcassets */ = {isa = PBXFileReference; lastKnownFileType = folder.assetcatalog; path = Assets.xcassets; sourceTree = "<group>"; };
		92FEB31D242C7BAF005E74F6 /* Preview Assets.xcassets */ = {isa = PBXFileReference; lastKnownFileType = folder.assetcatalog; path = "Preview Assets.xcassets"; sourceTree = "<group>"; };
		92FEB320242C7BAF005E74F6 /* Base */ = {isa = PBXFileReference; lastKnownFileType = file.storyboard; name = Base; path = Base.lproj/LaunchScreen.storyboard; sourceTree = "<group>"; };
		92FEB322242C7BAF005E74F6 /* Info.plist */ = {isa = PBXFileReference; lastKnownFileType = text.plist.xml; path = Info.plist; sourceTree = "<group>"; };
		92FEB32A242C80D1005E74F6 /* GameModel.swift */ = {isa = PBXFileReference; lastKnownFileType = sourcecode.swift; path = GameModel.swift; sourceTree = "<group>"; };
/* End PBXFileReference section */

/* Begin PBXFrameworksBuildPhase section */
		927CE1932447C30B0013F08A /* Frameworks */ = {
			isa = PBXFrameworksBuildPhase;
			buildActionMask = 2147483647;
			files = (
			);
			runOnlyForDeploymentPostprocessing = 0;
		};
		92FEB30E242C7BAD005E74F6 /* Frameworks */ = {
			isa = PBXFrameworksBuildPhase;
			buildActionMask = 2147483647;
			files = (
			);
			runOnlyForDeploymentPostprocessing = 0;
		};
/* End PBXFrameworksBuildPhase section */

/* Begin PBXGroup section */
		927678B12433002E00CB2091 /* Models */ = {
			isa = PBXGroup;
			children = (
				928BB91A24385F7F00BA4BCC /* AppModel.swift */,
				92FEB32A242C80D1005E74F6 /* GameModel.swift */,
			);
			path = Models;
			sourceTree = "<group>";
		};
		927CE1972447C30B0013F08A /* soccer1Tests */ = {
			isa = PBXGroup;
			children = (
				927CE1982447C30B0013F08A /* soccer1Tests.swift */,
				927CE19A2447C30B0013F08A /* Info.plist */,
			);
			path = soccer1Tests;
			sourceTree = "<group>";
		};
		927CE1A02447C3720013F08A /* App */ = {
			isa = PBXGroup;
			children = (
				92FEB314242C7BAD005E74F6 /* AppDelegate.swift */,
				92FEB316242C7BAD005E74F6 /* SceneDelegate.swift */,
			);
			path = App;
			sourceTree = "<group>";
		};
		92FEB308242C7BAD005E74F6 = {
			isa = PBXGroup;
			children = (
				92FEB313242C7BAD005E74F6 /* soccer1 */,
				927CE1972447C30B0013F08A /* soccer1Tests */,
				92FEB312242C7BAD005E74F6 /* Products */,
			);
			sourceTree = "<group>";
		};
		92FEB312242C7BAD005E74F6 /* Products */ = {
			isa = PBXGroup;
			children = (
				92FEB311242C7BAD005E74F6 /* soccer1.app */,
				927CE1962447C30B0013F08A /* soccer1Tests.xctest */,
			);
			name = Products;
			sourceTree = "<group>";
		};
		92FEB313242C7BAD005E74F6 /* soccer1 */ = {
			isa = PBXGroup;
			children = (
				927678B12433002E00CB2091 /* Models */,
				927678B724330E8D00CB2091 /* GameList.swift */,
				927678AC242F2ADC00CB2091 /* GameRow.swift */,
				92FEB318242C7BAD005E74F6 /* GameDetail.swift */,
				92B2279D2435567300B91595 /* ShowStatsButtons.swift */,
				92E7FDA52442D775009F4977 /* GameNew.swift */,
				928453F2243D982E00EEF40E /* ShowLog.swift */,
				927CE1A02447C3720013F08A /* App */,
				92FEB31A242C7BAF005E74F6 /* Assets.xcassets */,
				92FEB31F242C7BAF005E74F6 /* LaunchScreen.storyboard */,
				92FEB322242C7BAF005E74F6 /* Info.plist */,
				92FEB31C242C7BAF005E74F6 /* Preview Content */,
			);
			path = soccer1;
			sourceTree = "<group>";
		};
		92FEB31C242C7BAF005E74F6 /* Preview Content */ = {
			isa = PBXGroup;
			children = (
				92FEB31D242C7BAF005E74F6 /* Preview Assets.xcassets */,
			);
			path = "Preview Content";
			sourceTree = "<group>";
		};
/* End PBXGroup section */

/* Begin PBXNativeTarget section */
		927CE1952447C30B0013F08A /* soccer1Tests */ = {
			isa = PBXNativeTarget;
			buildConfigurationList = 927CE19D2447C30B0013F08A /* Build configuration list for PBXNativeTarget "soccer1Tests" */;
			buildPhases = (
				927CE1922447C30B0013F08A /* Sources */,
				927CE1932447C30B0013F08A /* Frameworks */,
				927CE1942447C30B0013F08A /* Resources */,
			);
			buildRules = (
			);
			dependencies = (
				927CE19C2447C30B0013F08A /* PBXTargetDependency */,
			);
			name = soccer1Tests;
			productName = soccer1Tests;
			productReference = 927CE1962447C30B0013F08A /* soccer1Tests.xctest */;
			productType = "com.apple.product-type.bundle.unit-test";
		};
		92FEB310242C7BAD005E74F6 /* soccer1 */ = {
			isa = PBXNativeTarget;
			buildConfigurationList = 92FEB325242C7BAF005E74F6 /* Build configuration list for PBXNativeTarget "soccer1" */;
			buildPhases = (
				92FEB30D242C7BAD005E74F6 /* Sources */,
				92FEB30E242C7BAD005E74F6 /* Frameworks */,
				92FEB30F242C7BAD005E74F6 /* Resources */,
			);
			buildRules = (
			);
			dependencies = (
			);
			name = soccer1;
			productName = soccer1;
			productReference = 92FEB311242C7BAD005E74F6 /* soccer1.app */;
			productType = "com.apple.product-type.application";
		};
/* End PBXNativeTarget section */

/* Begin PBXProject section */
		92FEB309242C7BAD005E74F6 /* Project object */ = {
			isa = PBXProject;
			attributes = {
				LastSwiftUpdateCheck = 1140;
				LastUpgradeCheck = 1140;
				ORGANIZATIONNAME = Cabohut;
				TargetAttributes = {
					927CE1952447C30B0013F08A = {
						CreatedOnToolsVersion = 11.4;
						TestTargetID = 92FEB310242C7BAD005E74F6;
					};
					92FEB310242C7BAD005E74F6 = {
						CreatedOnToolsVersion = 11.4;
					};
				};
			};
			buildConfigurationList = 92FEB30C242C7BAD005E74F6 /* Build configuration list for PBXProject "soccer1" */;
			compatibilityVersion = "Xcode 9.3";
			developmentRegion = en;
			hasScannedForEncodings = 0;
			knownRegions = (
				en,
				Base,
			);
			mainGroup = 92FEB308242C7BAD005E74F6;
			productRefGroup = 92FEB312242C7BAD005E74F6 /* Products */;
			projectDirPath = "";
			projectRoot = "";
			targets = (
				92FEB310242C7BAD005E74F6 /* soccer1 */,
				927CE1952447C30B0013F08A /* soccer1Tests */,
			);
		};
/* End PBXProject section */

/* Begin PBXResourcesBuildPhase section */
		927CE1942447C30B0013F08A /* Resources */ = {
			isa = PBXResourcesBuildPhase;
			buildActionMask = 2147483647;
			files = (
			);
			runOnlyForDeploymentPostprocessing = 0;
		};
		92FEB30F242C7BAD005E74F6 /* Resources */ = {
			isa = PBXResourcesBuildPhase;
			buildActionMask = 2147483647;
			files = (
				92FEB321242C7BAF005E74F6 /* LaunchScreen.storyboard in Resources */,
				92FEB31E242C7BAF005E74F6 /* Preview Assets.xcassets in Resources */,
				92FEB31B242C7BAF005E74F6 /* Assets.xcassets in Resources */,
			);
			runOnlyForDeploymentPostprocessing = 0;
		};
/* End PBXResourcesBuildPhase section */

/* Begin PBXSourcesBuildPhase section */
		927CE1922447C30B0013F08A /* Sources */ = {
			isa = PBXSourcesBuildPhase;
			buildActionMask = 2147483647;
			files = (
				927CE1992447C30B0013F08A /* soccer1Tests.swift in Sources */,
			);
			runOnlyForDeploymentPostprocessing = 0;
		};
		92FEB30D242C7BAD005E74F6 /* Sources */ = {
			isa = PBXSourcesBuildPhase;
			buildActionMask = 2147483647;
			files = (
				92FEB315242C7BAD005E74F6 /* AppDelegate.swift in Sources */,
				92FEB32B242C80D1005E74F6 /* GameModel.swift in Sources */,
				928BB91B24385F7F00BA4BCC /* AppModel.swift in Sources */,
				927678AD242F2ADC00CB2091 /* GameRow.swift in Sources */,
				92FEB317242C7BAD005E74F6 /* SceneDelegate.swift in Sources */,
				928453F3243D982E00EEF40E /* ShowLog.swift in Sources */,
				92FEB319242C7BAD005E74F6 /* GameDetail.swift in Sources */,
				92B2279E2435567300B91595 /* ShowStatsButtons.swift in Sources */,
				927678B824330E8D00CB2091 /* GameList.swift in Sources */,
				92E7FDA62442D775009F4977 /* GameNew.swift in Sources */,
			);
			runOnlyForDeploymentPostprocessing = 0;
		};
/* End PBXSourcesBuildPhase section */

/* Begin PBXTargetDependency section */
		927CE19C2447C30B0013F08A /* PBXTargetDependency */ = {
			isa = PBXTargetDependency;
			target = 92FEB310242C7BAD005E74F6 /* soccer1 */;
			targetProxy = 927CE19B2447C30B0013F08A /* PBXContainerItemProxy */;
		};
/* End PBXTargetDependency section */

/* Begin PBXVariantGroup section */
		92FEB31F242C7BAF005E74F6 /* LaunchScreen.storyboard */ = {
			isa = PBXVariantGroup;
			children = (
				92FEB320242C7BAF005E74F6 /* Base */,
			);
			name = LaunchScreen.storyboard;
			sourceTree = "<group>";
		};
/* End PBXVariantGroup section */

/* Begin XCBuildConfiguration section */
		927CE19E2447C30B0013F08A /* Debug */ = {
			isa = XCBuildConfiguration;
			buildSettings = {
				BUNDLE_LOADER = "$(TEST_HOST)";
				CODE_SIGN_STYLE = Automatic;
				DEVELOPMENT_TEAM = 25LN5833Z7;
				INFOPLIST_FILE = soccer1Tests/Info.plist;
				LD_RUNPATH_SEARCH_PATHS = (
					"$(inherited)",
					"@executable_path/Frameworks",
					"@loader_path/Frameworks",
				);
				PRODUCT_BUNDLE_IDENTIFIER = cabohut.soccer1Tests;
				PRODUCT_NAME = "$(TARGET_NAME)";
				SWIFT_VERSION = 5.0;
				TARGETED_DEVICE_FAMILY = "1,2";
				TEST_HOST = "$(BUILT_PRODUCTS_DIR)/soccer1.app/soccer1";
			};
			name = Debug;
		};
		927CE19F2447C30B0013F08A /* Release */ = {
			isa = XCBuildConfiguration;
			buildSettings = {
				BUNDLE_LOADER = "$(TEST_HOST)";
				CODE_SIGN_STYLE = Automatic;
				DEVELOPMENT_TEAM = 25LN5833Z7;
				INFOPLIST_FILE = soccer1Tests/Info.plist;
				LD_RUNPATH_SEARCH_PATHS = (
					"$(inherited)",
					"@executable_path/Frameworks",
					"@loader_path/Frameworks",
				);
				PRODUCT_BUNDLE_IDENTIFIER = cabohut.soccer1Tests;
				PRODUCT_NAME = "$(TARGET_NAME)";
				SWIFT_VERSION = 5.0;
				TARGETED_DEVICE_FAMILY = "1,2";
				TEST_HOST = "$(BUILT_PRODUCTS_DIR)/soccer1.app/soccer1";
			};
			name = Release;
		};
		92FEB323242C7BAF005E74F6 /* Debug */ = {
			isa = XCBuildConfiguration;
			buildSettings = {
				ALWAYS_SEARCH_USER_PATHS = NO;
				CLANG_ANALYZER_NONNULL = YES;
				CLANG_ANALYZER_NUMBER_OBJECT_CONVERSION = YES_AGGRESSIVE;
				CLANG_CXX_LANGUAGE_STANDARD = "gnu++14";
				CLANG_CXX_LIBRARY = "libc++";
				CLANG_ENABLE_MODULES = YES;
				CLANG_ENABLE_OBJC_ARC = YES;
				CLANG_ENABLE_OBJC_WEAK = YES;
				CLANG_WARN_BLOCK_CAPTURE_AUTORELEASING = YES;
				CLANG_WARN_BOOL_CONVERSION = YES;
				CLANG_WARN_COMMA = YES;
				CLANG_WARN_CONSTANT_CONVERSION = YES;
				CLANG_WARN_DEPRECATED_OBJC_IMPLEMENTATIONS = YES;
				CLANG_WARN_DIRECT_OBJC_ISA_USAGE = YES_ERROR;
				CLANG_WARN_DOCUMENTATION_COMMENTS = YES;
				CLANG_WARN_EMPTY_BODY = YES;
				CLANG_WARN_ENUM_CONVERSION = YES;
				CLANG_WARN_INFINITE_RECURSION = YES;
				CLANG_WARN_INT_CONVERSION = YES;
				CLANG_WARN_NON_LITERAL_NULL_CONVERSION = YES;
				CLANG_WARN_OBJC_IMPLICIT_RETAIN_SELF = YES;
				CLANG_WARN_OBJC_LITERAL_CONVERSION = YES;
				CLANG_WARN_OBJC_ROOT_CLASS = YES_ERROR;
				CLANG_WARN_RANGE_LOOP_ANALYSIS = YES;
				CLANG_WARN_STRICT_PROTOTYPES = YES;
				CLANG_WARN_SUSPICIOUS_MOVE = YES;
				CLANG_WARN_UNGUARDED_AVAILABILITY = YES_AGGRESSIVE;
				CLANG_WARN_UNREACHABLE_CODE = YES;
				CLANG_WARN__DUPLICATE_METHOD_MATCH = YES;
				COPY_PHASE_STRIP = NO;
				DEBUG_INFORMATION_FORMAT = dwarf;
				ENABLE_STRICT_OBJC_MSGSEND = YES;
				ENABLE_TESTABILITY = YES;
				GCC_C_LANGUAGE_STANDARD = gnu11;
				GCC_DYNAMIC_NO_PIC = NO;
				GCC_NO_COMMON_BLOCKS = YES;
				GCC_OPTIMIZATION_LEVEL = 0;
				GCC_PREPROCESSOR_DEFINITIONS = (
					"DEBUG=1",
					"$(inherited)",
				);
				GCC_WARN_64_TO_32_BIT_CONVERSION = YES;
				GCC_WARN_ABOUT_RETURN_TYPE = YES_ERROR;
				GCC_WARN_UNDECLARED_SELECTOR = YES;
				GCC_WARN_UNINITIALIZED_AUTOS = YES_AGGRESSIVE;
				GCC_WARN_UNUSED_FUNCTION = YES;
				GCC_WARN_UNUSED_VARIABLE = YES;
				IPHONEOS_DEPLOYMENT_TARGET = 13.4;
				MTL_ENABLE_DEBUG_INFO = INCLUDE_SOURCE;
				MTL_FAST_MATH = YES;
				ONLY_ACTIVE_ARCH = YES;
				SDKROOT = iphoneos;
				SWIFT_ACTIVE_COMPILATION_CONDITIONS = DEBUG;
				SWIFT_OPTIMIZATION_LEVEL = "-Onone";
			};
			name = Debug;
		};
		92FEB324242C7BAF005E74F6 /* Release */ = {
			isa = XCBuildConfiguration;
			buildSettings = {
				ALWAYS_SEARCH_USER_PATHS = NO;
				CLANG_ANALYZER_NONNULL = YES;
				CLANG_ANALYZER_NUMBER_OBJECT_CONVERSION = YES_AGGRESSIVE;
				CLANG_CXX_LANGUAGE_STANDARD = "gnu++14";
				CLANG_CXX_LIBRARY = "libc++";
				CLANG_ENABLE_MODULES = YES;
				CLANG_ENABLE_OBJC_ARC = YES;
				CLANG_ENABLE_OBJC_WEAK = YES;
				CLANG_WARN_BLOCK_CAPTURE_AUTORELEASING = YES;
				CLANG_WARN_BOOL_CONVERSION = YES;
				CLANG_WARN_COMMA = YES;
				CLANG_WARN_CONSTANT_CONVERSION = YES;
				CLANG_WARN_DEPRECATED_OBJC_IMPLEMENTATIONS = YES;
				CLANG_WARN_DIRECT_OBJC_ISA_USAGE = YES_ERROR;
				CLANG_WARN_DOCUMENTATION_COMMENTS = YES;
				CLANG_WARN_EMPTY_BODY = YES;
				CLANG_WARN_ENUM_CONVERSION = YES;
				CLANG_WARN_INFINITE_RECURSION = YES;
				CLANG_WARN_INT_CONVERSION = YES;
				CLANG_WARN_NON_LITERAL_NULL_CONVERSION = YES;
				CLANG_WARN_OBJC_IMPLICIT_RETAIN_SELF = YES;
				CLANG_WARN_OBJC_LITERAL_CONVERSION = YES;
				CLANG_WARN_OBJC_ROOT_CLASS = YES_ERROR;
				CLANG_WARN_RANGE_LOOP_ANALYSIS = YES;
				CLANG_WARN_STRICT_PROTOTYPES = YES;
				CLANG_WARN_SUSPICIOUS_MOVE = YES;
				CLANG_WARN_UNGUARDED_AVAILABILITY = YES_AGGRESSIVE;
				CLANG_WARN_UNREACHABLE_CODE = YES;
				CLANG_WARN__DUPLICATE_METHOD_MATCH = YES;
				COPY_PHASE_STRIP = NO;
				DEBUG_INFORMATION_FORMAT = "dwarf-with-dsym";
				ENABLE_NS_ASSERTIONS = NO;
				ENABLE_STRICT_OBJC_MSGSEND = YES;
				GCC_C_LANGUAGE_STANDARD = gnu11;
				GCC_NO_COMMON_BLOCKS = YES;
				GCC_WARN_64_TO_32_BIT_CONVERSION = YES;
				GCC_WARN_ABOUT_RETURN_TYPE = YES_ERROR;
				GCC_WARN_UNDECLARED_SELECTOR = YES;
				GCC_WARN_UNINITIALIZED_AUTOS = YES_AGGRESSIVE;
				GCC_WARN_UNUSED_FUNCTION = YES;
				GCC_WARN_UNUSED_VARIABLE = YES;
				IPHONEOS_DEPLOYMENT_TARGET = 13.4;
				MTL_ENABLE_DEBUG_INFO = NO;
				MTL_FAST_MATH = YES;
				SDKROOT = iphoneos;
				SWIFT_COMPILATION_MODE = wholemodule;
				SWIFT_OPTIMIZATION_LEVEL = "-O";
				VALIDATE_PRODUCT = YES;
			};
			name = Release;
		};
		92FEB326242C7BAF005E74F6 /* Debug */ = {
			isa = XCBuildConfiguration;
			buildSettings = {
				ASSETCATALOG_COMPILER_APPICON_NAME = AppIcon;
				CODE_SIGN_STYLE = Automatic;
				DEVELOPMENT_ASSET_PATHS = "\"soccer1/Preview Content\"";
				DEVELOPMENT_TEAM = 25LN5833Z7;
				ENABLE_PREVIEWS = YES;
				INFOPLIST_FILE = soccer1/Info.plist;
				LD_RUNPATH_SEARCH_PATHS = (
					"$(inherited)",
					"@executable_path/Frameworks",
				);
				PRODUCT_BUNDLE_IDENTIFIER = cabohut.soccer1;
				PRODUCT_NAME = "$(TARGET_NAME)";
				SWIFT_VERSION = 5.0;
				TARGETED_DEVICE_FAMILY = "1,2";
			};
			name = Debug;
		};
		92FEB327242C7BAF005E74F6 /* Release */ = {
			isa = XCBuildConfiguration;
			buildSettings = {
				ASSETCATALOG_COMPILER_APPICON_NAME = AppIcon;
				CODE_SIGN_STYLE = Automatic;
				DEVELOPMENT_ASSET_PATHS = "\"soccer1/Preview Content\"";
				DEVELOPMENT_TEAM = 25LN5833Z7;
				ENABLE_PREVIEWS = YES;
				INFOPLIST_FILE = soccer1/Info.plist;
				LD_RUNPATH_SEARCH_PATHS = (
					"$(inherited)",
					"@executable_path/Frameworks",
				);
				PRODUCT_BUNDLE_IDENTIFIER = cabohut.soccer1;
				PRODUCT_NAME = "$(TARGET_NAME)";
				SWIFT_VERSION = 5.0;
				TARGETED_DEVICE_FAMILY = "1,2";
			};
			name = Release;
		};
/* End XCBuildConfiguration section */

/* Begin XCConfigurationList section */
		927CE19D2447C30B0013F08A /* Build configuration list for PBXNativeTarget "soccer1Tests" */ = {
			isa = XCConfigurationList;
			buildConfigurations = (
				927CE19E2447C30B0013F08A /* Debug */,
				927CE19F2447C30B0013F08A /* Release */,
			);
			defaultConfigurationIsVisible = 0;
			defaultConfigurationName = Release;
		};
		92FEB30C242C7BAD005E74F6 /* Build configuration list for PBXProject "soccer1" */ = {
			isa = XCConfigurationList;
			buildConfigurations = (
				92FEB323242C7BAF005E74F6 /* Debug */,
				92FEB324242C7BAF005E74F6 /* Release */,
			);
			defaultConfigurationIsVisible = 0;
			defaultConfigurationName = Release;
		};
		92FEB325242C7BAF005E74F6 /* Build configuration list for PBXNativeTarget "soccer1" */ = {
			isa = XCConfigurationList;
			buildConfigurations = (
				92FEB326242C7BAF005E74F6 /* Debug */,
				92FEB327242C7BAF005E74F6 /* Release */,
			);
			defaultConfigurationIsVisible = 0;
			defaultConfigurationName = Release;
		};
/* End XCConfigurationList section */
	};
	rootObject = 92FEB309242C7BAD005E74F6 /* Project object */;
}
